// !$*UTF8*$!
{
	archiveVersion = 1;
	classes = {
	};
	objectVersion = 77;
	objects = {

/* Begin PBXBuildFile section */
		43CF0D802D614FBC0002623B /* Alamofire in Frameworks */ = {isa = PBXBuildFile; productRef = 43CF0D7F2D614FBC0002623B /* Alamofire */; };
		43CF0D822D614FC90002623B /* MessageKit in Frameworks */ = {isa = PBXBuildFile; productRef = 43CF0D812D614FC90002623B /* MessageKit */; };
		43CF0D852D615D610002623B /* OpenAI in Frameworks */ = {isa = PBXBuildFile; productRef = 43CF0D842D615D610002623B /* OpenAI */; };
		43F3AB8B2D701D9700C97978 /* SDWebImage in Frameworks */ = {isa = PBXBuildFile; productRef = 43F3AB8A2D701D9700C97978 /* SDWebImage */; };
/* End PBXBuildFile section */

/* Begin PBXContainerItemProxy section */
		431425492D60371C005D612A /* PBXContainerItemProxy */ = {
			isa = PBXContainerItemProxy;
			containerPortal = 431425272D60371C005D612A /* Project object */;
			proxyType = 1;
			remoteGlobalIDString = 4314252E2D60371C005D612A;
			remoteInfo = ChatLlama;
		};
		431425532D60371C005D612A /* PBXContainerItemProxy */ = {
			isa = PBXContainerItemProxy;
			containerPortal = 431425272D60371C005D612A /* Project object */;
			proxyType = 1;
			remoteGlobalIDString = 4314252E2D60371C005D612A;
			remoteInfo = ChatLlama;
		};
/* End PBXContainerItemProxy section */

/* Begin PBXFileReference section */
		4314252F2D60371C005D612A /* ChatLlama.app */ = {isa = PBXFileReference; explicitFileType = wrapper.application; includeInIndex = 0; path = ChatLlama.app; sourceTree = BUILT_PRODUCTS_DIR; };
		431425482D60371C005D612A /* ChatLlamaTests.xctest */ = {isa = PBXFileReference; explicitFileType = wrapper.cfbundle; includeInIndex = 0; path = ChatLlamaTests.xctest; sourceTree = BUILT_PRODUCTS_DIR; };
		431425522D60371C005D612A /* ChatLlamaUITests.xctest */ = {isa = PBXFileReference; explicitFileType = wrapper.cfbundle; includeInIndex = 0; path = ChatLlamaUITests.xctest; sourceTree = BUILT_PRODUCTS_DIR; };
/* End PBXFileReference section */

/* Begin PBXFileSystemSynchronizedBuildFileExceptionSet section */
		4314255A2D60371C005D612A /* Exceptions for "ChatLlama" folder in "ChatLlama" target */ = {
			isa = PBXFileSystemSynchronizedBuildFileExceptionSet;
			membershipExceptions = (
				Info.plist,
			);
			target = 4314252E2D60371C005D612A /* ChatLlama */;
		};
/* End PBXFileSystemSynchronizedBuildFileExceptionSet section */

/* Begin PBXFileSystemSynchronizedRootGroup section */
		431425312D60371C005D612A /* ChatLlama */ = {
			isa = PBXFileSystemSynchronizedRootGroup;
			exceptions = (
				4314255A2D60371C005D612A /* Exceptions for "ChatLlama" folder in "ChatLlama" target */,
			);
			path = ChatLlama;
			sourceTree = "<group>";
		};
		4314254B2D60371C005D612A /* ChatLlamaTests */ = {
			isa = PBXFileSystemSynchronizedRootGroup;
			path = ChatLlamaTests;
			sourceTree = "<group>";
		};
		431425552D60371C005D612A /* ChatLlamaUITests */ = {
			isa = PBXFileSystemSynchronizedRootGroup;
			path = ChatLlamaUITests;
			sourceTree = "<group>";
		};
/* End PBXFileSystemSynchronizedRootGroup section */

/* Begin PBXFrameworksBuildPhase section */
		4314252C2D60371C005D612A /* Frameworks */ = {
			isa = PBXFrameworksBuildPhase;
			buildActionMask = 2147483647;
			files = (
				43CF0D802D614FBC0002623B /* Alamofire in Frameworks */,
				43CF0D852D615D610002623B /* OpenAI in Frameworks */,
				43F3AB8B2D701D9700C97978 /* SDWebImage in Frameworks */,
				43CF0D822D614FC90002623B /* MessageKit in Frameworks */,
			);
			runOnlyForDeploymentPostprocessing = 0;
		};
		431425452D60371C005D612A /* Frameworks */ = {
			isa = PBXFrameworksBuildPhase;
			buildActionMask = 2147483647;
			files = (
			);
			runOnlyForDeploymentPostprocessing = 0;
		};
		4314254F2D60371C005D612A /* Frameworks */ = {
			isa = PBXFrameworksBuildPhase;
			buildActionMask = 2147483647;
			files = (
			);
			runOnlyForDeploymentPostprocessing = 0;
		};
/* End PBXFrameworksBuildPhase section */

/* Begin PBXGroup section */
		431425262D60371C005D612A = {
			isa = PBXGroup;
			children = (
				431425312D60371C005D612A /* ChatLlama */,
				4314254B2D60371C005D612A /* ChatLlamaTests */,
				431425552D60371C005D612A /* ChatLlamaUITests */,
				431425302D60371C005D612A /* Products */,
			);
			sourceTree = "<group>";
		};
		431425302D60371C005D612A /* Products */ = {
			isa = PBXGroup;
			children = (
				4314252F2D60371C005D612A /* ChatLlama.app */,
				431425482D60371C005D612A /* ChatLlamaTests.xctest */,
				431425522D60371C005D612A /* ChatLlamaUITests.xctest */,
			);
			name = Products;
			sourceTree = "<group>";
		};
/* End PBXGroup section */

/* Begin PBXNativeTarget section */
		4314252E2D60371C005D612A /* ChatLlama */ = {
			isa = PBXNativeTarget;
			buildConfigurationList = 4314255B2D60371C005D612A /* Build configuration list for PBXNativeTarget "ChatLlama" */;
			buildPhases = (
				4314252B2D60371C005D612A /* Sources */,
				4314252C2D60371C005D612A /* Frameworks */,
				4314252D2D60371C005D612A /* Resources */,
			);
			buildRules = (
			);
			dependencies = (
			);
			fileSystemSynchronizedGroups = (
				431425312D60371C005D612A /* ChatLlama */,
			);
			name = ChatLlama;
			packageProductDependencies = (
				43CF0D7F2D614FBC0002623B /* Alamofire */,
				43CF0D812D614FC90002623B /* MessageKit */,
				43CF0D842D615D610002623B /* OpenAI */,
				43F3AB8A2D701D9700C97978 /* SDWebImage */,
			);
			productName = ChatLlama;
			productReference = 4314252F2D60371C005D612A /* ChatLlama.app */;
			productType = "com.apple.product-type.application";
		};
		431425472D60371C005D612A /* ChatLlamaTests */ = {
			isa = PBXNativeTarget;
			buildConfigurationList = 431425602D60371C005D612A /* Build configuration list for PBXNativeTarget "ChatLlamaTests" */;
			buildPhases = (
				431425442D60371C005D612A /* Sources */,
				431425452D60371C005D612A /* Frameworks */,
				431425462D60371C005D612A /* Resources */,
			);
			buildRules = (
			);
			dependencies = (
				4314254A2D60371C005D612A /* PBXTargetDependency */,
			);
			fileSystemSynchronizedGroups = (
				4314254B2D60371C005D612A /* ChatLlamaTests */,
			);
			name = ChatLlamaTests;
			packageProductDependencies = (
			);
			productName = ChatLlamaTests;
			productReference = 431425482D60371C005D612A /* ChatLlamaTests.xctest */;
			productType = "com.apple.product-type.bundle.unit-test";
		};
		431425512D60371C005D612A /* ChatLlamaUITests */ = {
			isa = PBXNativeTarget;
			buildConfigurationList = 431425632D60371C005D612A /* Build configuration list for PBXNativeTarget "ChatLlamaUITests" */;
			buildPhases = (
				4314254E2D60371C005D612A /* Sources */,
				4314254F2D60371C005D612A /* Frameworks */,
				431425502D60371C005D612A /* Resources */,
			);
			buildRules = (
			);
			dependencies = (
				431425542D60371C005D612A /* PBXTargetDependency */,
			);
			fileSystemSynchronizedGroups = (
				431425552D60371C005D612A /* ChatLlamaUITests */,
			);
			name = ChatLlamaUITests;
			packageProductDependencies = (
			);
			productName = ChatLlamaUITests;
			productReference = 431425522D60371C005D612A /* ChatLlamaUITests.xctest */;
			productType = "com.apple.product-type.bundle.ui-testing";
		};
/* End PBXNativeTarget section */

/* Begin PBXProject section */
		431425272D60371C005D612A /* Project object */ = {
			isa = PBXProject;
			attributes = {
				BuildIndependentTargetsInParallel = 1;
				LastSwiftUpdateCheck = 1620;
				LastUpgradeCheck = 1620;
				TargetAttributes = {
					4314252E2D60371C005D612A = {
						CreatedOnToolsVersion = 16.2;
					};
					431425472D60371C005D612A = {
						CreatedOnToolsVersion = 16.2;
						TestTargetID = 4314252E2D60371C005D612A;
					};
					431425512D60371C005D612A = {
						CreatedOnToolsVersion = 16.2;
						TestTargetID = 4314252E2D60371C005D612A;
					};
				};
			};
			buildConfigurationList = 4314252A2D60371C005D612A /* Build configuration list for PBXProject "ChatLlama" */;
			developmentRegion = en;
			hasScannedForEncodings = 0;
			knownRegions = (
				en,
				Base,
			);
			mainGroup = 431425262D60371C005D612A;
			minimizedProjectReferenceProxies = 1;
			packageReferences = (
				4356ADD42D614F7700347189 /* XCRemoteSwiftPackageReference "MessageKit" */,
				43CF0D7E2D614FBC0002623B /* XCRemoteSwiftPackageReference "Alamofire" */,
				43CF0D832D615D610002623B /* XCRemoteSwiftPackageReference "OpenAI" */,
				43F3AB892D701D9700C97978 /* XCRemoteSwiftPackageReference "SDWebImage" */,
			);
			preferredProjectObjectVersion = 77;
			productRefGroup = 431425302D60371C005D612A /* Products */;
			projectDirPath = "";
			projectRoot = "";
			targets = (
				4314252E2D60371C005D612A /* ChatLlama */,
				431425472D60371C005D612A /* ChatLlamaTests */,
				431425512D60371C005D612A /* ChatLlamaUITests */,
			);
		};
/* End PBXProject section */

/* Begin PBXResourcesBuildPhase section */
		4314252D2D60371C005D612A /* Resources */ = {
			isa = PBXResourcesBuildPhase;
			buildActionMask = 2147483647;
			files = (
			);
			runOnlyForDeploymentPostprocessing = 0;
		};
		431425462D60371C005D612A /* Resources */ = {
			isa = PBXResourcesBuildPhase;
			buildActionMask = 2147483647;
			files = (
			);
			runOnlyForDeploymentPostprocessing = 0;
		};
		431425502D60371C005D612A /* Resources */ = {
			isa = PBXResourcesBuildPhase;
			buildActionMask = 2147483647;
			files = (
			);
			runOnlyForDeploymentPostprocessing = 0;
		};
/* End PBXResourcesBuildPhase section */

/* Begin PBXSourcesBuildPhase section */
		4314252B2D60371C005D612A /* Sources */ = {
			isa = PBXSourcesBuildPhase;
			buildActionMask = 2147483647;
			files = (
			);
			runOnlyForDeploymentPostprocessing = 0;
		};
		431425442D60371C005D612A /* Sources */ = {
			isa = PBXSourcesBuildPhase;
			buildActionMask = 2147483647;
			files = (
			);
			runOnlyForDeploymentPostprocessing = 0;
		};
		4314254E2D60371C005D612A /* Sources */ = {
			isa = PBXSourcesBuildPhase;
			buildActionMask = 2147483647;
			files = (
			);
			runOnlyForDeploymentPostprocessing = 0;
		};
/* End PBXSourcesBuildPhase section */

/* Begin PBXTargetDependency section */
		4314254A2D60371C005D612A /* PBXTargetDependency */ = {
			isa = PBXTargetDependency;
			target = 4314252E2D60371C005D612A /* ChatLlama */;
			targetProxy = 431425492D60371C005D612A /* PBXContainerItemProxy */;
		};
		431425542D60371C005D612A /* PBXTargetDependency */ = {
			isa = PBXTargetDependency;
			target = 4314252E2D60371C005D612A /* ChatLlama */;
			targetProxy = 431425532D60371C005D612A /* PBXContainerItemProxy */;
		};
/* End PBXTargetDependency section */

/* Begin XCBuildConfiguration section */
		4314255C2D60371C005D612A /* Debug */ = {
			isa = XCBuildConfiguration;
			baseConfigurationReferenceAnchor = 431425312D60371C005D612A /* ChatLlama */;
			baseConfigurationReferenceRelativePath = Modules/Root/Secrets.xcconfig;
			buildSettings = {
				ASSETCATALOG_COMPILER_APPICON_NAME = AppIcon;
				ASSETCATALOG_COMPILER_GLOBAL_ACCENT_COLOR_NAME = AccentColor;
				CODE_SIGN_STYLE = Automatic;
				CURRENT_PROJECT_VERSION = 1;
				DEVELOPMENT_TEAM = 3T8U2C2UDF;
				GENERATE_INFOPLIST_FILE = YES;
				INFOPLIST_FILE = ChatLlama/Info.plist;
				INFOPLIST_KEY_UIApplicationSupportsIndirectInputEvents = YES;
				INFOPLIST_KEY_UILaunchStoryboardName = LaunchScreen;
				INFOPLIST_KEY_UIMainStoryboardFile = Main;
				INFOPLIST_KEY_UISupportedInterfaceOrientations_iPad = "UIInterfaceOrientationPortrait UIInterfaceOrientationPortraitUpsideDown UIInterfaceOrientationLandscapeLeft UIInterfaceOrientationLandscapeRight";
				INFOPLIST_KEY_UISupportedInterfaceOrientations_iPhone = "UIInterfaceOrientationPortrait UIInterfaceOrientationLandscapeLeft UIInterfaceOrientationLandscapeRight";
				LD_RUNPATH_SEARCH_PATHS = (
					"$(inherited)",
					"@executable_path/Frameworks",
				);
				MARKETING_VERSION = 1.0;
				PRODUCT_BUNDLE_IDENTIFIER = com.nuxe.ChatLlama;
				PRODUCT_NAME = "$(TARGET_NAME)";
				SWIFT_EMIT_LOC_STRINGS = YES;
				SWIFT_VERSION = 5.0;
				TARGETED_DEVICE_FAMILY = "1,2";
			};
			name = Debug;
		};
		4314255D2D60371C005D612A /* Release */ = {
			isa = XCBuildConfiguration;
			buildSettings = {
				ASSETCATALOG_COMPILER_APPICON_NAME = AppIcon;
				ASSETCATALOG_COMPILER_GLOBAL_ACCENT_COLOR_NAME = AccentColor;
				CODE_SIGN_STYLE = Automatic;
				CURRENT_PROJECT_VERSION = 1;
				DEVELOPMENT_TEAM = 3T8U2C2UDF;
				GENERATE_INFOPLIST_FILE = YES;
				INFOPLIST_FILE = ChatLlama/Info.plist;
				INFOPLIST_KEY_UIApplicationSupportsIndirectInputEvents = YES;
				INFOPLIST_KEY_UILaunchStoryboardName = LaunchScreen;
				INFOPLIST_KEY_UIMainStoryboardFile = Main;
				INFOPLIST_KEY_UISupportedInterfaceOrientations_iPad = "UIInterfaceOrientationPortrait UIInterfaceOrientationPortraitUpsideDown UIInterfaceOrientationLandscapeLeft UIInterfaceOrientationLandscapeRight";
				INFOPLIST_KEY_UISupportedInterfaceOrientations_iPhone = "UIInterfaceOrientationPortrait UIInterfaceOrientationLandscapeLeft UIInterfaceOrientationLandscapeRight";
				LD_RUNPATH_SEARCH_PATHS = (
					"$(inherited)",
					"@executable_path/Frameworks",
				);
				MARKETING_VERSION = 1.0;
				PRODUCT_BUNDLE_IDENTIFIER = com.nuxe.ChatLlama;
				PRODUCT_NAME = "$(TARGET_NAME)";
				SWIFT_EMIT_LOC_STRINGS = YES;
				SWIFT_VERSION = 5.0;
				TARGETED_DEVICE_FAMILY = "1,2";
			};
			name = Release;
		};
		4314255E2D60371C005D612A /* Debug */ = {
			isa = XCBuildConfiguration;
			buildSettings = {
				ALWAYS_SEARCH_USER_PATHS = NO;
				ASSETCATALOG_COMPILER_GENERATE_SWIFT_ASSET_SYMBOL_EXTENSIONS = YES;
				CLANG_ANALYZER_NONNULL = YES;
				CLANG_ANALYZER_NUMBER_OBJECT_CONVERSION = YES_AGGRESSIVE;
				CLANG_CXX_LANGUAGE_STANDARD = "gnu++20";
				CLANG_ENABLE_MODULES = YES;
				CLANG_ENABLE_OBJC_ARC = YES;
				CLANG_ENABLE_OBJC_WEAK = YES;
				CLANG_WARN_BLOCK_CAPTURE_AUTORELEASING = YES;
				CLANG_WARN_BOOL_CONVERSION = YES;
				CLANG_WARN_COMMA = YES;
				CLANG_WARN_CONSTANT_CONVERSION = YES;
				CLANG_WARN_DEPRECATED_OBJC_IMPLEMENTATIONS = YES;
				CLANG_WARN_DIRECT_OBJC_ISA_USAGE = YES_ERROR;
				CLANG_WARN_DOCUMENTATION_COMMENTS = YES;
				CLANG_WARN_EMPTY_BODY = YES;
				CLANG_WARN_ENUM_CONVERSION = YES;
				CLANG_WARN_INFINITE_RECURSION = YES;
				CLANG_WARN_INT_CONVERSION = YES;
				CLANG_WARN_NON_LITERAL_NULL_CONVERSION = YES;
				CLANG_WARN_OBJC_IMPLICIT_RETAIN_SELF = YES;
				CLANG_WARN_OBJC_LITERAL_CONVERSION = YES;
				CLANG_WARN_OBJC_ROOT_CLASS = YES_ERROR;
				CLANG_WARN_QUOTED_INCLUDE_IN_FRAMEWORK_HEADER = YES;
				CLANG_WARN_RANGE_LOOP_ANALYSIS = YES;
				CLANG_WARN_STRICT_PROTOTYPES = YES;
				CLANG_WARN_SUSPICIOUS_MOVE = YES;
				CLANG_WARN_UNGUARDED_AVAILABILITY = YES_AGGRESSIVE;
				CLANG_WARN_UNREACHABLE_CODE = YES;
				CLANG_WARN__DUPLICATE_METHOD_MATCH = YES;
				COPY_PHASE_STRIP = NO;
				DEBUG_INFORMATION_FORMAT = dwarf;
				ENABLE_STRICT_OBJC_MSGSEND = YES;
				ENABLE_TESTABILITY = YES;
				ENABLE_USER_SCRIPT_SANDBOXING = YES;
				GCC_C_LANGUAGE_STANDARD = gnu17;
				GCC_DYNAMIC_NO_PIC = NO;
				GCC_NO_COMMON_BLOCKS = YES;
				GCC_OPTIMIZATION_LEVEL = 0;
				GCC_PREPROCESSOR_DEFINITIONS = (
					"DEBUG=1",
					"$(inherited)",
				);
				GCC_WARN_64_TO_32_BIT_CONVERSION = YES;
				GCC_WARN_ABOUT_RETURN_TYPE = YES_ERROR;
				GCC_WARN_UNDECLARED_SELECTOR = YES;
				GCC_WARN_UNINITIALIZED_AUTOS = YES_AGGRESSIVE;
				GCC_WARN_UNUSED_FUNCTION = YES;
				GCC_WARN_UNUSED_VARIABLE = YES;
				IPHONEOS_DEPLOYMENT_TARGET = 18.2;
				LOCALIZATION_PREFERS_STRING_CATALOGS = YES;
				MTL_ENABLE_DEBUG_INFO = INCLUDE_SOURCE;
				MTL_FAST_MATH = YES;
				ONLY_ACTIVE_ARCH = YES;
				SDKROOT = iphoneos;
				SWIFT_ACTIVE_COMPILATION_CONDITIONS = "DEBUG $(inherited)";
				SWIFT_OPTIMIZATION_LEVEL = "-Onone";
			};
			name = Debug;
		};
		4314255F2D60371C005D612A /* Release */ = {
			isa = XCBuildConfiguration;
			buildSettings = {
				ALWAYS_SEARCH_USER_PATHS = NO;
				ASSETCATALOG_COMPILER_GENERATE_SWIFT_ASSET_SYMBOL_EXTENSIONS = YES;
				CLANG_ANALYZER_NONNULL = YES;
				CLANG_ANALYZER_NUMBER_OBJECT_CONVERSION = YES_AGGRESSIVE;
				CLANG_CXX_LANGUAGE_STANDARD = "gnu++20";
				CLANG_ENABLE_MODULES = YES;
				CLANG_ENABLE_OBJC_ARC = YES;
				CLANG_ENABLE_OBJC_WEAK = YES;
				CLANG_WARN_BLOCK_CAPTURE_AUTORELEASING = YES;
				CLANG_WARN_BOOL_CONVERSION = YES;
				CLANG_WARN_COMMA = YES;
				CLANG_WARN_CONSTANT_CONVERSION = YES;
				CLANG_WARN_DEPRECATED_OBJC_IMPLEMENTATIONS = YES;
				CLANG_WARN_DIRECT_OBJC_ISA_USAGE = YES_ERROR;
				CLANG_WARN_DOCUMENTATION_COMMENTS = YES;
				CLANG_WARN_EMPTY_BODY = YES;
				CLANG_WARN_ENUM_CONVERSION = YES;
				CLANG_WARN_INFINITE_RECURSION = YES;
				CLANG_WARN_INT_CONVERSION = YES;
				CLANG_WARN_NON_LITERAL_NULL_CONVERSION = YES;
				CLANG_WARN_OBJC_IMPLICIT_RETAIN_SELF = YES;
				CLANG_WARN_OBJC_LITERAL_CONVERSION = YES;
				CLANG_WARN_OBJC_ROOT_CLASS = YES_ERROR;
				CLANG_WARN_QUOTED_INCLUDE_IN_FRAMEWORK_HEADER = YES;
				CLANG_WARN_RANGE_LOOP_ANALYSIS = YES;
				CLANG_WARN_STRICT_PROTOTYPES = YES;
				CLANG_WARN_SUSPICIOUS_MOVE = YES;
				CLANG_WARN_UNGUARDED_AVAILABILITY = YES_AGGRESSIVE;
				CLANG_WARN_UNREACHABLE_CODE = YES;
				CLANG_WARN__DUPLICATE_METHOD_MATCH = YES;
				COPY_PHASE_STRIP = NO;
				DEBUG_INFORMATION_FORMAT = "dwarf-with-dsym";
				ENABLE_NS_ASSERTIONS = NO;
				ENABLE_STRICT_OBJC_MSGSEND = YES;
				ENABLE_USER_SCRIPT_SANDBOXING = YES;
				GCC_C_LANGUAGE_STANDARD = gnu17;
				GCC_NO_COMMON_BLOCKS = YES;
				GCC_WARN_64_TO_32_BIT_CONVERSION = YES;
				GCC_WARN_ABOUT_RETURN_TYPE = YES_ERROR;
				GCC_WARN_UNDECLARED_SELECTOR = YES;
				GCC_WARN_UNINITIALIZED_AUTOS = YES_AGGRESSIVE;
				GCC_WARN_UNUSED_FUNCTION = YES;
				GCC_WARN_UNUSED_VARIABLE = YES;
				IPHONEOS_DEPLOYMENT_TARGET = 18.2;
				LOCALIZATION_PREFERS_STRING_CATALOGS = YES;
				MTL_ENABLE_DEBUG_INFO = NO;
				MTL_FAST_MATH = YES;
				SDKROOT = iphoneos;
				SWIFT_COMPILATION_MODE = wholemodule;
				VALIDATE_PRODUCT = YES;
			};
			name = Release;
		};
		431425612D60371C005D612A /* Debug */ = {
			isa = XCBuildConfiguration;
			buildSettings = {
				BUNDLE_LOADER = "$(TEST_HOST)";
				CODE_SIGN_STYLE = Automatic;
				CURRENT_PROJECT_VERSION = 1;
				DEVELOPMENT_TEAM = 3T8U2C2UDF;
				GENERATE_INFOPLIST_FILE = YES;
				IPHONEOS_DEPLOYMENT_TARGET = 18.2;
				MARKETING_VERSION = 1.0;
				PRODUCT_BUNDLE_IDENTIFIER = com.nuxe.ChatLlamaTests;
				PRODUCT_NAME = "$(TARGET_NAME)";
				SWIFT_EMIT_LOC_STRINGS = NO;
				SWIFT_VERSION = 5.0;
				TARGETED_DEVICE_FAMILY = "1,2";
				TEST_HOST = "$(BUILT_PRODUCTS_DIR)/ChatLlama.app/$(BUNDLE_EXECUTABLE_FOLDER_PATH)/ChatLlama";
			};
			name = Debug;
		};
		431425622D60371C005D612A /* Release */ = {
			isa = XCBuildConfiguration;
			buildSettings = {
				BUNDLE_LOADER = "$(TEST_HOST)";
				CODE_SIGN_STYLE = Automatic;
				CURRENT_PROJECT_VERSION = 1;
				DEVELOPMENT_TEAM = 3T8U2C2UDF;
				GENERATE_INFOPLIST_FILE = YES;
				IPHONEOS_DEPLOYMENT_TARGET = 18.2;
				MARKETING_VERSION = 1.0;
				PRODUCT_BUNDLE_IDENTIFIER = com.nuxe.ChatLlamaTests;
				PRODUCT_NAME = "$(TARGET_NAME)";
				SWIFT_EMIT_LOC_STRINGS = NO;
				SWIFT_VERSION = 5.0;
				TARGETED_DEVICE_FAMILY = "1,2";
				TEST_HOST = "$(BUILT_PRODUCTS_DIR)/ChatLlama.app/$(BUNDLE_EXECUTABLE_FOLDER_PATH)/ChatLlama";
			};
			name = Release;
		};
		431425642D60371C005D612A /* Debug */ = {
			isa = XCBuildConfiguration;
			buildSettings = {
				CODE_SIGN_STYLE = Automatic;
				CURRENT_PROJECT_VERSION = 1;
				DEVELOPMENT_TEAM = 3T8U2C2UDF;
				GENERATE_INFOPLIST_FILE = YES;
				MARKETING_VERSION = 1.0;
				PRODUCT_BUNDLE_IDENTIFIER = com.nuxe.ChatLlamaUITests;
				PRODUCT_NAME = "$(TARGET_NAME)";
				SWIFT_EMIT_LOC_STRINGS = NO;
				SWIFT_VERSION = 5.0;
				TARGETED_DEVICE_FAMILY = "1,2";
				TEST_TARGET_NAME = ChatLlama;
			};
			name = Debug;
		};
		431425652D60371C005D612A /* Release */ = {
			isa = XCBuildConfiguration;
			buildSettings = {
				CODE_SIGN_STYLE = Automatic;
				CURRENT_PROJECT_VERSION = 1;
				DEVELOPMENT_TEAM = 3T8U2C2UDF;
				GENERATE_INFOPLIST_FILE = YES;
				MARKETING_VERSION = 1.0;
				PRODUCT_BUNDLE_IDENTIFIER = com.nuxe.ChatLlamaUITests;
				PRODUCT_NAME = "$(TARGET_NAME)";
				SWIFT_EMIT_LOC_STRINGS = NO;
				SWIFT_VERSION = 5.0;
				TARGETED_DEVICE_FAMILY = "1,2";
				TEST_TARGET_NAME = ChatLlama;
			};
			name = Release;
		};
/* End XCBuildConfiguration section */

/* Begin XCConfigurationList section */
		4314252A2D60371C005D612A /* Build configuration list for PBXProject "ChatLlama" */ = {
			isa = XCConfigurationList;
			buildConfigurations = (
				4314255E2D60371C005D612A /* Debug */,
				4314255F2D60371C005D612A /* Release */,
			);
			defaultConfigurationIsVisible = 0;
			defaultConfigurationName = Release;
		};
		4314255B2D60371C005D612A /* Build configuration list for PBXNativeTarget "ChatLlama" */ = {
			isa = XCConfigurationList;
			buildConfigurations = (
				4314255C2D60371C005D612A /* Debug */,
				4314255D2D60371C005D612A /* Release */,
			);
			defaultConfigurationIsVisible = 0;
			defaultConfigurationName = Release;
		};
		431425602D60371C005D612A /* Build configuration list for PBXNativeTarget "ChatLlamaTests" */ = {
			isa = XCConfigurationList;
			buildConfigurations = (
				431425612D60371C005D612A /* Debug */,
				431425622D60371C005D612A /* Release */,
			);
			defaultConfigurationIsVisible = 0;
			defaultConfigurationName = Release;
		};
		431425632D60371C005D612A /* Build configuration list for PBXNativeTarget "ChatLlamaUITests" */ = {
			isa = XCConfigurationList;
			buildConfigurations = (
				431425642D60371C005D612A /* Debug */,
				431425652D60371C005D612A /* Release */,
			);
			defaultConfigurationIsVisible = 0;
			defaultConfigurationName = Release;
		};
/* End XCConfigurationList section */

/* Begin XCRemoteSwiftPackageReference section */
		4356ADD42D614F7700347189 /* XCRemoteSwiftPackageReference "MessageKit" */ = {
			isa = XCRemoteSwiftPackageReference;
			repositoryURL = "https://github.com/MessageKit/MessageKit.git";
			requirement = {
				kind = upToNextMajorVersion;
				minimumVersion = 5.0.0;
			};
		};
		43CF0D7E2D614FBC0002623B /* XCRemoteSwiftPackageReference "Alamofire" */ = {
			isa = XCRemoteSwiftPackageReference;
			repositoryURL = "https://github.com/Alamofire/Alamofire.git";
			requirement = {
				kind = upToNextMajorVersion;
				minimumVersion = 5.10.2;
			};
		};
		43CF0D832D615D610002623B /* XCRemoteSwiftPackageReference "OpenAI" */ = {
			isa = XCRemoteSwiftPackageReference;
			repositoryURL = "https://github.com/MacPaw/OpenAI.git";
			requirement = {
				branch = main;
				kind = branch;
			};
		};
		43F3AB892D701D9700C97978 /* XCRemoteSwiftPackageReference "SDWebImage" */ = {
			isa = XCRemoteSwiftPackageReference;
			repositoryURL = "https://github.com/SDWebImage/SDWebImage.git";
			requirement = {
				kind = upToNextMajorVersion;
				minimumVersion = 5.21.0;
			};
		};
/* End XCRemoteSwiftPackageReference section */

/* Begin XCSwiftPackageProductDependency section */
		43CF0D7F2D614FBC0002623B /* Alamofire */ = {
			isa = XCSwiftPackageProductDependency;
			package = 43CF0D7E2D614FBC0002623B /* XCRemoteSwiftPackageReference "Alamofire" */;
			productName = Alamofire;
		};
		43CF0D812D614FC90002623B /* MessageKit */ = {
			isa = XCSwiftPackageProductDependency;
			package = 4356ADD42D614F7700347189 /* XCRemoteSwiftPackageReference "MessageKit" */;
			productName = MessageKit;
		};
		43CF0D842D615D610002623B /* OpenAI */ = {
			isa = XCSwiftPackageProductDependency;
			package = 43CF0D832D615D610002623B /* XCRemoteSwiftPackageReference "OpenAI" */;
			productName = OpenAI;
		};
		43F3AB8A2D701D9700C97978 /* SDWebImage */ = {
			isa = XCSwiftPackageProductDependency;
			package = 43F3AB892D701D9700C97978 /* XCRemoteSwiftPackageReference "SDWebImage" */;
			productName = SDWebImage;
		};
/* End XCSwiftPackageProductDependency section */
	};
	rootObject = 431425272D60371C005D612A /* Project object */;
}
