{
  "originHash" : "e41e2eb79561a44bbf9d0c48cb8727e573615840697429a8ec7feb75376f3d36",
  "pins" : [
    {
      "identity" : "alamofire",
      "kind" : "remoteSourceControl",
      "location" : "https://github.com/Alamofire/Alamofire.git",
      "state" : {
        "revision" : "513364f870f6bfc468f9d2ff0a95caccc10044c5",
        "version" : "5.10.2"
      }
    },
    {
      "identity" : "inputbaraccessoryview",
      "kind" : "remoteSourceControl",
      "location" : "https://github.com/nathantannar4/InputBarAccessoryView",
      "state" : {
        "revision" : "dfdc822b0d4a0d1b5777100347c399069e9bfc62",
        "version" : "7.0.0"
      }
    },
    {
      "identity" : "messagekit",
      "kind" : "remoteSourceControl",
      "location" : "https://github.com/MessageKit/MessageKit.git",
      "state" : {
        "revision" : "dc48356f830d40de5acc0e126a44257d0a1329b6",
        "version" : "5.0.0"
      }
    }
  ],
  "version" : 3
}
